
Microsoft Visual Studio Solution File, Format Version 12.00
# Visual Studio 14
VisualStudioVersion = 14.0.25123.0
MinimumVisualStudioVersion = 10.0.40219.1
Project("{FAE04EC0-301F-11D3-BF4B-00C04F79EFBC}") = "SalesStore", "SalesStore\SalesStore.csproj", "{FDB576D1-19B2-43D8-8526-397EE5309B89}"
	ProjectSection(ProjectDependencies) = postProject
		{A67E5039-B360-4549-91AC-F1ED3486245A} = {A67E5039-B360-4549-91AC-F1ED3486245A}
	EndProjectSection
EndProject
Project("{FAE04EC0-301F-11D3-BF4B-00C04F79EFBC}") = "SalesStore.Tests", "UnitTestProject1\SalesStore.Tests.csproj", "{A67E5039-B360-4549-91AC-F1ED3486245A}"
EndProject
Global
	GlobalSection(SolutionConfigurationPlatforms) = preSolution
		Debug|Any CPU = Debug|Any CPU
		Release|Any CPU = Release|Any CPU
	EndGlobalSection
	GlobalSection(ProjectConfigurationPlatforms) = postSolution
		{FDB576D1-19B2-43D8-8526-397EE5309B89}.Debug|Any CPU.ActiveCfg = Debug|Any CPU
		{FDB576D1-19B2-43D8-8526-397EE5309B89}.Debug|Any CPU.Build.0 = Debug|Any CPU
		{FDB576D1-19B2-43D8-8526-397EE5309B89}.Release|Any CPU.ActiveCfg = Release|Any CPU
		{FDB576D1-19B2-43D8-8526-397EE5309B89}.Release|Any CPU.Build.0 = Release|Any CPU
		{A67E5039-B360-4549-91AC-F1ED3486245A}.Debug|Any CPU.ActiveCfg = Debug|Any CPU
		{A67E5039-B360-4549-91AC-F1ED3486245A}.Debug|Any CPU.Build.0 = Debug|Any CPU
		{A67E5039-B360-4549-91AC-F1ED3486245A}.Release|Any CPU.ActiveCfg = Release|Any CPU
		{A67E5039-B360-4549-91AC-F1ED3486245A}.Release|Any CPU.Build.0 = Release|Any CPU
	EndGlobalSection
	GlobalSection(SolutionProperties) = preSolution
		HideSolutionNode = FALSE
	EndGlobalSection
EndGlobal
